
Microsoft Visual Studio Solution File, Format Version 12.00
# Visual Studio 15
VisualStudioVersion = 15.0.27703.2018
MinimumVisualStudioVersion = 10.0.40219.1
Project("{888888A0-9F3D-457C-B088-3A5042F75D52}") = "currency_rates_extractor", "currency_rates_extractor\currency_rates_extractor.pyproj", "{77A82612-C423-41C7-89CC-C206521E709D}"
EndProject
Global
	GlobalSection(SolutionConfigurationPlatforms) = preSolution
		Debug|Any CPU = Debug|Any CPU
		Release|Any CPU = Release|Any CPU
	EndGlobalSection
	GlobalSection(ProjectConfigurationPlatforms) = postSolution
		{77A82612-C423-41C7-89CC-C206521E709D}.Debug|Any CPU.ActiveCfg = Debug|Any CPU
		{77A82612-C423-41C7-89CC-C206521E709D}.Release|Any CPU.ActiveCfg = Release|Any CPU
	EndGlobalSection
	GlobalSection(SolutionProperties) = preSolution
		HideSolutionNode = FALSE
	EndGlobalSection
	GlobalSection(ExtensibilityGlobals) = postSolution
		SolutionGuid = {398F6592-FC0D-431A-A139-9F1DE3E42F64}
	EndGlobalSection
EndGlobal
