
Microsoft Visual Studio Solution File, Format Version 12.00
# Visual Studio 15
VisualStudioVersion = 15.0.27703.2026
MinimumVisualStudioVersion = 10.0.40219.1
Project("{888888A0-9F3D-457C-B088-3A5042F75D52}") = "record_creator", "record_creator\record_creator.pyproj", "{26747CAD-2187-46CD-82E8-6506F342045B}"
EndProject
Global
	GlobalSection(SolutionConfigurationPlatforms) = preSolution
		Debug|Any CPU = Debug|Any CPU
		Release|Any CPU = Release|Any CPU
	EndGlobalSection
	GlobalSection(ProjectConfigurationPlatforms) = postSolution
		{26747CAD-2187-46CD-82E8-6506F342045B}.Debug|Any CPU.ActiveCfg = Debug|Any CPU
		{26747CAD-2187-46CD-82E8-6506F342045B}.Release|Any CPU.ActiveCfg = Release|Any CPU
	EndGlobalSection
	GlobalSection(SolutionProperties) = preSolution
		HideSolutionNode = FALSE
	EndGlobalSection
	GlobalSection(ExtensibilityGlobals) = postSolution
		SolutionGuid = {87BCA3BD-9AB3-4820-919E-BC17CA2F1933}
	EndGlobalSection
EndGlobal
